
Microsoft Visual Studio Solution File, Format Version 12.00
# Visual Studio Version 16
VisualStudioVersion = 16.0.34601.136
MinimumVisualStudioVersion = 10.0.40219.1
Project("{FAE04EC0-301F-11D3-BF4B-00C04F79EFBC}") = "EMPN0739", "EMPN0739.csproj", "{324D8841-720E-4629-AEB0-FF2441CD2F38}"
EndProject
Global
	GlobalSection(SolutionConfigurationPlatforms) = preSolution
		Debug|Any CPU = Debug|Any CPU
		Release|Any CPU = Release|Any CPU
	EndGlobalSection
	GlobalSection(ProjectConfigurationPlatforms) = postSolution
		{324D8841-720E-4629-AEB0-FF2441CD2F38}.Debug|Any CPU.ActiveCfg = Debug|Any CPU
		{324D8841-720E-4629-AEB0-FF2441CD2F38}.Debug|Any CPU.Build.0 = Debug|Any CPU
		{324D8841-720E-4629-AEB0-FF2441CD2F38}.Release|Any CPU.ActiveCfg = Release|Any CPU
		{324D8841-720E-4629-AEB0-FF2441CD2F38}.Release|Any CPU.Build.0 = Release|Any CPU
	EndGlobalSection
	GlobalSection(SolutionProperties) = preSolution
		HideSolutionNode = FALSE
	EndGlobalSection
	GlobalSection(ExtensibilityGlobals) = postSolution
		SolutionGuid = {23DF5F28-3725-4CD8-891C-AC5032A0CAE2}
	EndGlobalSection
EndGlobal
